
Microsoft Visual Studio Solution File, Format Version 12.00
# Visual Studio Version 16
VisualStudioVersion = 25.0.1705.4
MinimumVisualStudioVersion = 10.0.40219.1
Project("{FAE04EC0-301F-11D3-BF4B-00C04F79EFBC}") = "Second.Android", "Second\Second.Android\Second.Android.csproj", "{A91C6506-48BC-467D-837B-E54446BA5F85}"
EndProject
Project("{FAE04EC0-301F-11D3-BF4B-00C04F79EFBC}") = "Second.iOS", "Second\Second.iOS\Second.iOS.csproj", "{6D655016-6A38-48AA-95D7-58965102AC45}"
EndProject
Project("{FAE04EC0-301F-11D3-BF4B-00C04F79EFBC}") = "Second", "Second\Second\Second.csproj", "{E128C002-6E89-40A2-A539-0CED5D427639}"
EndProject
Project("{2150E333-8FDC-42A3-9474-1A3956D46DE8}") = "Solution Items", "Solution Items", "{C600EC9C-CB8A-4B5D-907D-949316D681C2}"
EndProject
Global
	GlobalSection(SolutionConfigurationPlatforms) = preSolution
		Debug|Any CPU = Debug|Any CPU
		Release|Any CPU = Release|Any CPU
		Debug|iPhoneSimulator = Debug|iPhoneSimulator
		Release|iPhoneSimulator = Release|iPhoneSimulator
		Debug|iPhone = Debug|iPhone
		Release|iPhone = Release|iPhone
	EndGlobalSection
	GlobalSection(ProjectConfigurationPlatforms) = postSolution
		{A91C6506-48BC-467D-837B-E54446BA5F85}.Debug|Any CPU.ActiveCfg = Debug|Any CPU
		{A91C6506-48BC-467D-837B-E54446BA5F85}.Debug|Any CPU.Build.0 = Debug|Any CPU
		{A91C6506-48BC-467D-837B-E54446BA5F85}.Release|Any CPU.ActiveCfg = Release|Any CPU
		{A91C6506-48BC-467D-837B-E54446BA5F85}.Release|Any CPU.Build.0 = Release|Any CPU
		{A91C6506-48BC-467D-837B-E54446BA5F85}.Debug|iPhoneSimulator.ActiveCfg = Debug|Any CPU
		{A91C6506-48BC-467D-837B-E54446BA5F85}.Debug|iPhoneSimulator.Build.0 = Debug|Any CPU
		{A91C6506-48BC-467D-837B-E54446BA5F85}.Release|iPhoneSimulator.ActiveCfg = Release|Any CPU
		{A91C6506-48BC-467D-837B-E54446BA5F85}.Release|iPhoneSimulator.Build.0 = Release|Any CPU
		{A91C6506-48BC-467D-837B-E54446BA5F85}.Debug|iPhone.ActiveCfg = Debug|Any CPU
		{A91C6506-48BC-467D-837B-E54446BA5F85}.Debug|iPhone.Build.0 = Debug|Any CPU
		{A91C6506-48BC-467D-837B-E54446BA5F85}.Release|iPhone.ActiveCfg = Release|Any CPU
		{A91C6506-48BC-467D-837B-E54446BA5F85}.Release|iPhone.Build.0 = Release|Any CPU
		{6D655016-6A38-48AA-95D7-58965102AC45}.Debug|Any CPU.ActiveCfg = Debug|iPhoneSimulator
		{6D655016-6A38-48AA-95D7-58965102AC45}.Debug|Any CPU.Build.0 = Debug|iPhoneSimulator
		{6D655016-6A38-48AA-95D7-58965102AC45}.Release|Any CPU.ActiveCfg = Release|iPhoneSimulator
		{6D655016-6A38-48AA-95D7-58965102AC45}.Release|Any CPU.Build.0 = Release|iPhoneSimulator
		{6D655016-6A38-48AA-95D7-58965102AC45}.Debug|iPhoneSimulator.ActiveCfg = Debug|iPhoneSimulator
		{6D655016-6A38-48AA-95D7-58965102AC45}.Debug|iPhoneSimulator.Build.0 = Debug|iPhoneSimulator
		{6D655016-6A38-48AA-95D7-58965102AC45}.Release|iPhoneSimulator.ActiveCfg = Release|iPhoneSimulator
		{6D655016-6A38-48AA-95D7-58965102AC45}.Release|iPhoneSimulator.Build.0 = Release|iPhoneSimulator
		{6D655016-6A38-48AA-95D7-58965102AC45}.Debug|iPhone.ActiveCfg = Debug|iPhone
		{6D655016-6A38-48AA-95D7-58965102AC45}.Debug|iPhone.Build.0 = Debug|iPhone
		{6D655016-6A38-48AA-95D7-58965102AC45}.Release|iPhone.ActiveCfg = Release|iPhone
		{6D655016-6A38-48AA-95D7-58965102AC45}.Release|iPhone.Build.0 = Release|iPhone
		{E128C002-6E89-40A2-A539-0CED5D427639}.Debug|Any CPU.ActiveCfg = Debug|Any CPU
		{E128C002-6E89-40A2-A539-0CED5D427639}.Debug|Any CPU.Build.0 = Debug|Any CPU
		{E128C002-6E89-40A2-A539-0CED5D427639}.Release|Any CPU.ActiveCfg = Release|Any CPU
		{E128C002-6E89-40A2-A539-0CED5D427639}.Release|Any CPU.Build.0 = Release|Any CPU
		{E128C002-6E89-40A2-A539-0CED5D427639}.Debug|iPhoneSimulator.ActiveCfg = Debug|Any CPU
		{E128C002-6E89-40A2-A539-0CED5D427639}.Debug|iPhoneSimulator.Build.0 = Debug|Any CPU
		{E128C002-6E89-40A2-A539-0CED5D427639}.Release|iPhoneSimulator.ActiveCfg = Release|Any CPU
		{E128C002-6E89-40A2-A539-0CED5D427639}.Release|iPhoneSimulator.Build.0 = Release|Any CPU
		{E128C002-6E89-40A2-A539-0CED5D427639}.Debug|iPhone.ActiveCfg = Debug|Any CPU
		{E128C002-6E89-40A2-A539-0CED5D427639}.Debug|iPhone.Build.0 = Debug|Any CPU
		{E128C002-6E89-40A2-A539-0CED5D427639}.Release|iPhone.ActiveCfg = Release|Any CPU
		{E128C002-6E89-40A2-A539-0CED5D427639}.Release|iPhone.Build.0 = Release|Any CPU
	EndGlobalSection
	GlobalSection(SolutionProperties) = preSolution
		HideSolutionNode = FALSE
	EndGlobalSection
	GlobalSection(ExtensibilityGlobals) = postSolution
		SolutionGuid = {B19DBDB9-B828-4D52-9198-6B5AB0C4AE6F}
	EndGlobalSection
EndGlobal
